
Microsoft Visual Studio Solution File, Format Version 12.00
# Visual Studio Version 17
VisualStudioVersion = 17.14.36327.8
MinimumVisualStudioVersion = 10.0.40219.1
Project("{FAE04EC0-301F-11D3-BF4B-00C04F79EFBC}") = "LoadBalancer", "LoadBalancer\LoadBalancer.csproj", "{3A3B9C5D-5C8E-48FA-92A3-C6A6E2E88C8A}"
EndProject
Project("{FAE04EC0-301F-11D3-BF4B-00C04F79EFBC}") = "LoadBalancer.Tests", "LoadBalancer.Tests\LoadBalancer.Tests.csproj", "{D2333AA0-DE97-4343-925E-362EE8F5E49B}"
EndProject
Global
	GlobalSection(SolutionConfigurationPlatforms) = preSolution
		Debug|Any CPU = Debug|Any CPU
		Release|Any CPU = Release|Any CPU
	EndGlobalSection
	GlobalSection(ProjectConfigurationPlatforms) = postSolution
		{3A3B9C5D-5C8E-48FA-92A3-C6A6E2E88C8A}.Debug|Any CPU.ActiveCfg = Debug|Any CPU
		{3A3B9C5D-5C8E-48FA-92A3-C6A6E2E88C8A}.Debug|Any CPU.Build.0 = Debug|Any CPU
		{3A3B9C5D-5C8E-48FA-92A3-C6A6E2E88C8A}.Release|Any CPU.ActiveCfg = Release|Any CPU
		{3A3B9C5D-5C8E-48FA-92A3-C6A6E2E88C8A}.Release|Any CPU.Build.0 = Release|Any CPU
		{D2333AA0-DE97-4343-925E-362EE8F5E49B}.Debug|Any CPU.ActiveCfg = Debug|Any CPU
		{D2333AA0-DE97-4343-925E-362EE8F5E49B}.Debug|Any CPU.Build.0 = Debug|Any CPU
		{D2333AA0-DE97-4343-925E-362EE8F5E49B}.Release|Any CPU.ActiveCfg = Release|Any CPU
		{D2333AA0-DE97-4343-925E-362EE8F5E49B}.Release|Any CPU.Build.0 = Release|Any CPU
	EndGlobalSection
	GlobalSection(SolutionProperties) = preSolution
		HideSolutionNode = FALSE
	EndGlobalSection
	GlobalSection(ExtensibilityGlobals) = postSolution
		SolutionGuid = {31AA3929-B46C-41E9-8FD3-B896C180CF14}
	EndGlobalSection
EndGlobal
